
Microsoft Visual Studio Solution File, Format Version 12.00
# Visual Studio Version 17
VisualStudioVersion = 17.8.34322.80
MinimumVisualStudioVersion = 10.0.40219.1
Project("{9A19103F-16F7-4668-BE54-9A1E7A4F7556}") = "IDP", "IDP.csproj", "{9BD76404-9FDC-4363-B371-70E8E50CCD5D}"
EndProject
Global
	GlobalSection(SolutionConfigurationPlatforms) = preSolution
		Debug|Any CPU = Debug|Any CPU
		Release|Any CPU = Release|Any CPU
	EndGlobalSection
	GlobalSection(ProjectConfigurationPlatforms) = postSolution
		{9BD76404-9FDC-4363-B371-70E8E50CCD5D}.Debug|Any CPU.ActiveCfg = Debug|Any CPU
		{9BD76404-9FDC-4363-B371-70E8E50CCD5D}.Debug|Any CPU.Build.0 = Debug|Any CPU
		{9BD76404-9FDC-4363-B371-70E8E50CCD5D}.Release|Any CPU.ActiveCfg = Release|Any CPU
		{9BD76404-9FDC-4363-B371-70E8E50CCD5D}.Release|Any CPU.Build.0 = Release|Any CPU
	EndGlobalSection
	GlobalSection(SolutionProperties) = preSolution
		HideSolutionNode = FALSE
	EndGlobalSection
	GlobalSection(ExtensibilityGlobals) = postSolution
		SolutionGuid = {80B95098-612D-4E42-84F5-2C857B810315}
	EndGlobalSection
EndGlobal
